
Microsoft Visual Studio Solution File, Format Version 12.00
# Visual Studio Version 17
VisualStudioVersion = 17.0.31903.59
MinimumVisualStudioVersion = 10.0.40219.1
Project("{2150E333-8FDC-42A3-9474-1A3956D46DE8}") = "src", "src", "{827E0CD3-B72D-47B6-A68D-7590B98EB39B}"
EndProject
Project("{FAE04EC0-301F-11D3-BF4B-00C04F79EFBC}") = "PNMC.Api", "src\PNMC.Api\PNMC.Api.csproj", "{48478A0A-9B3D-4194-B0B9-1C56AD6D1B8E}"
EndProject
Project("{FAE04EC0-301F-11D3-BF4B-00C04F79EFBC}") = "PNMC.Application", "src\PNMC.Application\PNMC.Application.csproj", "{D70DE5D9-A835-4AE2-8558-2F56797CAB6A}"
EndProject
Project("{FAE04EC0-301F-11D3-BF4B-00C04F79EFBC}") = "PNMC.Domain", "src\PNMC.Domain\PNMC.Domain.csproj", "{11C0ABA9-77BB-42FE-91F1-DE71B48C2FE2}"
EndProject
Project("{FAE04EC0-301F-11D3-BF4B-00C04F79EFBC}") = "PNMC.Contracts", "src\PNMC.Contracts\PNMC.Contracts.csproj", "{51259A8B-B4C6-4EEA-BC84-FA1A742F1A65}"
EndProject
Project("{FAE04EC0-301F-11D3-BF4B-00C04F79EFBC}") = "PNMC.Infrastructure", "src\PNMC.Infrastructure\PNMC.Infrastructure.csproj", "{E306E645-EB0B-4F59-AFDB-33798C1C75D0}"
EndProject
Project("{2150E333-8FDC-42A3-9474-1A3956D46DE8}") = "tests", "tests", "{0AB3BF05-4346-4AA6-1389-037BE0695223}"
EndProject
Project("{FAE04EC0-301F-11D3-BF4B-00C04F79EFBC}") = "PNMC.Api.Tests", "tests\PNMC.Api.Tests\PNMC.Api.Tests.csproj", "{3F8531FF-0251-4F63-8812-C8201B62A586}"
EndProject
Global
	GlobalSection(SolutionConfigurationPlatforms) = preSolution
		Debug|Any CPU = Debug|Any CPU
		Debug|x64 = Debug|x64
		Debug|x86 = Debug|x86
		Release|Any CPU = Release|Any CPU
		Release|x64 = Release|x64
		Release|x86 = Release|x86
	EndGlobalSection
	GlobalSection(ProjectConfigurationPlatforms) = postSolution
		{48478A0A-9B3D-4194-B0B9-1C56AD6D1B8E}.Debug|Any CPU.ActiveCfg = Debug|Any CPU
		{48478A0A-9B3D-4194-B0B9-1C56AD6D1B8E}.Debug|Any CPU.Build.0 = Debug|Any CPU
		{48478A0A-9B3D-4194-B0B9-1C56AD6D1B8E}.Debug|x64.ActiveCfg = Debug|Any CPU
		{48478A0A-9B3D-4194-B0B9-1C56AD6D1B8E}.Debug|x64.Build.0 = Debug|Any CPU
		{48478A0A-9B3D-4194-B0B9-1C56AD6D1B8E}.Debug|x86.ActiveCfg = Debug|Any CPU
		{48478A0A-9B3D-4194-B0B9-1C56AD6D1B8E}.Debug|x86.Build.0 = Debug|Any CPU
		{48478A0A-9B3D-4194-B0B9-1C56AD6D1B8E}.Release|Any CPU.ActiveCfg = Release|Any CPU
		{48478A0A-9B3D-4194-B0B9-1C56AD6D1B8E}.Release|Any CPU.Build.0 = Release|Any CPU
		{48478A0A-9B3D-4194-B0B9-1C56AD6D1B8E}.Release|x64.ActiveCfg = Release|Any CPU
		{48478A0A-9B3D-4194-B0B9-1C56AD6D1B8E}.Release|x64.Build.0 = Release|Any CPU
		{48478A0A-9B3D-4194-B0B9-1C56AD6D1B8E}.Release|x86.ActiveCfg = Release|Any CPU
		{48478A0A-9B3D-4194-B0B9-1C56AD6D1B8E}.Release|x86.Build.0 = Release|Any CPU
		{D70DE5D9-A835-4AE2-8558-2F56797CAB6A}.Debug|Any CPU.ActiveCfg = Debug|Any CPU
		{D70DE5D9-A835-4AE2-8558-2F56797CAB6A}.Debug|Any CPU.Build.0 = Debug|Any CPU
		{D70DE5D9-A835-4AE2-8558-2F56797CAB6A}.Debug|x64.ActiveCfg = Debug|Any CPU
		{D70DE5D9-A835-4AE2-8558-2F56797CAB6A}.Debug|x64.Build.0 = Debug|Any CPU
		{D70DE5D9-A835-4AE2-8558-2F56797CAB6A}.Debug|x86.ActiveCfg = Debug|Any CPU
		{D70DE5D9-A835-4AE2-8558-2F56797CAB6A}.Debug|x86.Build.0 = Debug|Any CPU
		{D70DE5D9-A835-4AE2-8558-2F56797CAB6A}.Release|Any CPU.ActiveCfg = Release|Any CPU
		{D70DE5D9-A835-4AE2-8558-2F56797CAB6A}.Release|Any CPU.Build.0 = Release|Any CPU
		{D70DE5D9-A835-4AE2-8558-2F56797CAB6A}.Release|x64.ActiveCfg = Release|Any CPU
		{D70DE5D9-A835-4AE2-8558-2F56797CAB6A}.Release|x64.Build.0 = Release|Any CPU
		{D70DE5D9-A835-4AE2-8558-2F56797CAB6A}.Release|x86.ActiveCfg = Release|Any CPU
		{D70DE5D9-A835-4AE2-8558-2F56797CAB6A}.Release|x86.Build.0 = Release|Any CPU
		{11C0ABA9-77BB-42FE-91F1-DE71B48C2FE2}.Debug|Any CPU.ActiveCfg = Debug|Any CPU
		{11C0ABA9-77BB-42FE-91F1-DE71B48C2FE2}.Debug|Any CPU.Build.0 = Debug|Any CPU
		{11C0ABA9-77BB-42FE-91F1-DE71B48C2FE2}.Debug|x64.ActiveCfg = Debug|Any CPU
		{11C0ABA9-77BB-42FE-91F1-DE71B48C2FE2}.Debug|x64.Build.0 = Debug|Any CPU
		{11C0ABA9-77BB-42FE-91F1-DE71B48C2FE2}.Debug|x86.ActiveCfg = Debug|Any CPU
		{11C0ABA9-77BB-42FE-91F1-DE71B48C2FE2}.Debug|x86.Build.0 = Debug|Any CPU
		{11C0ABA9-77BB-42FE-91F1-DE71B48C2FE2}.Release|Any CPU.ActiveCfg = Release|Any CPU
		{11C0ABA9-77BB-42FE-91F1-DE71B48C2FE2}.Release|Any CPU.Build.0 = Release|Any CPU
		{11C0ABA9-77BB-42FE-91F1-DE71B48C2FE2}.Release|x64.ActiveCfg = Release|Any CPU
		{11C0ABA9-77BB-42FE-91F1-DE71B48C2FE2}.Release|x64.Build.0 = Release|Any CPU
		{11C0ABA9-77BB-42FE-91F1-DE71B48C2FE2}.Release|x86.ActiveCfg = Release|Any CPU
		{11C0ABA9-77BB-42FE-91F1-DE71B48C2FE2}.Release|x86.Build.0 = Release|Any CPU
		{51259A8B-B4C6-4EEA-BC84-FA1A742F1A65}.Debug|Any CPU.ActiveCfg = Debug|Any CPU
		{51259A8B-B4C6-4EEA-BC84-FA1A742F1A65}.Debug|Any CPU.Build.0 = Debug|Any CPU
		{51259A8B-B4C6-4EEA-BC84-FA1A742F1A65}.Debug|x64.ActiveCfg = Debug|Any CPU
		{51259A8B-B4C6-4EEA-BC84-FA1A742F1A65}.Debug|x64.Build.0 = Debug|Any CPU
		{51259A8B-B4C6-4EEA-BC84-FA1A742F1A65}.Debug|x86.ActiveCfg = Debug|Any CPU
		{51259A8B-B4C6-4EEA-BC84-FA1A742F1A65}.Debug|x86.Build.0 = Debug|Any CPU
		{51259A8B-B4C6-4EEA-BC84-FA1A742F1A65}.Release|Any CPU.ActiveCfg = Release|Any CPU
		{51259A8B-B4C6-4EEA-BC84-FA1A742F1A65}.Release|Any CPU.Build.0 = Release|Any CPU
		{51259A8B-B4C6-4EEA-BC84-FA1A742F1A65}.Release|x64.ActiveCfg = Release|Any CPU
		{51259A8B-B4C6-4EEA-BC84-FA1A742F1A65}.Release|x64.Build.0 = Release|Any CPU
		{51259A8B-B4C6-4EEA-BC84-FA1A742F1A65}.Release|x86.ActiveCfg = Release|Any CPU
		{51259A8B-B4C6-4EEA-BC84-FA1A742F1A65}.Release|x86.Build.0 = Release|Any CPU
		{E306E645-EB0B-4F59-AFDB-33798C1C75D0}.Debug|Any CPU.ActiveCfg = Debug|Any CPU
		{E306E645-EB0B-4F59-AFDB-33798C1C75D0}.Debug|Any CPU.Build.0 = Debug|Any CPU
		{E306E645-EB0B-4F59-AFDB-33798C1C75D0}.Debug|x64.ActiveCfg = Debug|Any CPU
		{E306E645-EB0B-4F59-AFDB-33798C1C75D0}.Debug|x64.Build.0 = Debug|Any CPU
		{E306E645-EB0B-4F59-AFDB-33798C1C75D0}.Debug|x86.ActiveCfg = Debug|Any CPU
		{E306E645-EB0B-4F59-AFDB-33798C1C75D0}.Debug|x86.Build.0 = Debug|Any CPU
		{E306E645-EB0B-4F59-AFDB-33798C1C75D0}.Release|Any CPU.ActiveCfg = Release|Any CPU
		{E306E645-EB0B-4F59-AFDB-33798C1C75D0}.Release|Any CPU.Build.0 = Release|Any CPU
		{E306E645-EB0B-4F59-AFDB-33798C1C75D0}.Release|x64.ActiveCfg = Release|Any CPU
		{E306E645-EB0B-4F59-AFDB-33798C1C75D0}.Release|x64.Build.0 = Release|Any CPU
		{E306E645-EB0B-4F59-AFDB-33798C1C75D0}.Release|x86.ActiveCfg = Release|Any CPU
		{E306E645-EB0B-4F59-AFDB-33798C1C75D0}.Release|x86.Build.0 = Release|Any CPU
		{3F8531FF-0251-4F63-8812-C8201B62A586}.Debug|Any CPU.ActiveCfg = Debug|Any CPU
		{3F8531FF-0251-4F63-8812-C8201B62A586}.Debug|Any CPU.Build.0 = Debug|Any CPU
		{3F8531FF-0251-4F63-8812-C8201B62A586}.Debug|x64.ActiveCfg = Debug|Any CPU
		{3F8531FF-0251-4F63-8812-C8201B62A586}.Debug|x64.Build.0 = Debug|Any CPU
		{3F8531FF-0251-4F63-8812-C8201B62A586}.Debug|x86.ActiveCfg = Debug|Any CPU
		{3F8531FF-0251-4F63-8812-C8201B62A586}.Debug|x86.Build.0 = Debug|Any CPU
		{3F8531FF-0251-4F63-8812-C8201B62A586}.Release|Any CPU.ActiveCfg = Release|Any CPU
		{3F8531FF-0251-4F63-8812-C8201B62A586}.Release|Any CPU.Build.0 = Release|Any CPU
		{3F8531FF-0251-4F63-8812-C8201B62A586}.Release|x64.ActiveCfg = Release|Any CPU
		{3F8531FF-0251-4F63-8812-C8201B62A586}.Release|x64.Build.0 = Release|Any CPU
		{3F8531FF-0251-4F63-8812-C8201B62A586}.Release|x86.ActiveCfg = Release|Any CPU
		{3F8531FF-0251-4F63-8812-C8201B62A586}.Release|x86.Build.0 = Release|Any CPU
	EndGlobalSection
	GlobalSection(SolutionProperties) = preSolution
		HideSolutionNode = FALSE
	EndGlobalSection
	GlobalSection(NestedProjects) = preSolution
		{48478A0A-9B3D-4194-B0B9-1C56AD6D1B8E} = {827E0CD3-B72D-47B6-A68D-7590B98EB39B}
		{D70DE5D9-A835-4AE2-8558-2F56797CAB6A} = {827E0CD3-B72D-47B6-A68D-7590B98EB39B}
		{11C0ABA9-77BB-42FE-91F1-DE71B48C2FE2} = {827E0CD3-B72D-47B6-A68D-7590B98EB39B}
		{51259A8B-B4C6-4EEA-BC84-FA1A742F1A65} = {827E0CD3-B72D-47B6-A68D-7590B98EB39B}
		{E306E645-EB0B-4F59-AFDB-33798C1C75D0} = {827E0CD3-B72D-47B6-A68D-7590B98EB39B}
		{3F8531FF-0251-4F63-8812-C8201B62A586} = {0AB3BF05-4346-4AA6-1389-037BE0695223}
	EndGlobalSection
EndGlobal
